
Microsoft Visual Studio Solution File, Format Version 12.00
Project("{FAE04EC0-301F-11D3-BF4B-00C04F79EFBC}") = "MatrixReverser", "MatrixReverser\MatrixReverser.csproj", "{FA3DA56F-BAAB-4DEE-9BDA-FA01DA40CCF7}"
EndProject
Global
	GlobalSection(SolutionConfigurationPlatforms) = preSolution
		Debug|Any CPU = Debug|Any CPU
		Release|Any CPU = Release|Any CPU
	EndGlobalSection
	GlobalSection(ProjectConfigurationPlatforms) = postSolution
		{FA3DA56F-BAAB-4DEE-9BDA-FA01DA40CCF7}.Debug|Any CPU.ActiveCfg = Debug|Any CPU
		{FA3DA56F-BAAB-4DEE-9BDA-FA01DA40CCF7}.Debug|Any CPU.Build.0 = Debug|Any CPU
		{FA3DA56F-BAAB-4DEE-9BDA-FA01DA40CCF7}.Release|Any CPU.ActiveCfg = Release|Any CPU
		{FA3DA56F-BAAB-4DEE-9BDA-FA01DA40CCF7}.Release|Any CPU.Build.0 = Release|Any CPU
	EndGlobalSection
EndGlobal
